
Microsoft Visual Studio Solution File, Format Version 12.00
# Visual Studio 14
VisualStudioVersion = 14.0.24720.0
MinimumVisualStudioVersion = 10.0.40219.1
Project("{8BC9CEB8-8B4A-11D0-8D11-00A0C91BC942}") = "Day01", "Day1\Day1.vcxproj", "{7ADDF477-EED2-4005-8C89-9751EA273125}"
EndProject
Project("{8BC9CEB8-8B4A-11D0-8D11-00A0C91BC942}") = "Day02", "Day2\Day2.vcxproj", "{18170F63-CD56-4298-8881-1ED901563BC1}"
EndProject
Project("{8BC9CEB8-8B4A-11D0-8D11-00A0C91BC942}") = "Day03", "Day3\Day3.vcxproj", "{DA86B4B3-8004-4D3E-9ADE-D6FBF20C3AD5}"
EndProject
Project("{8BC9CEB8-8B4A-11D0-8D11-00A0C91BC942}") = "Day04", "Day4\Day4.vcxproj", "{CC4F6B28-F2F3-493F-801B-B8D198759B66}"
EndProject
Project("{8BC9CEB8-8B4A-11D0-8D11-00A0C91BC942}") = "Day05", "Day5\Day5.vcxproj", "{7457F7B6-CF69-4111-8DDF-2EFE38DDEBDF}"
EndProject
Project("{8BC9CEB8-8B4A-11D0-8D11-00A0C91BC942}") = "Day06", "Day6\Day6.vcxproj", "{8D2D8CEB-E611-41EB-8A59-C999CBC321C3}"
EndProject
Project("{8BC9CEB8-8B4A-11D0-8D11-00A0C91BC942}") = "Day07", "Day7\Day7.vcxproj", "{9F1191C6-ADC9-4878-B6C9-2B4BF89AC759}"
EndProject
Project("{8BC9CEB8-8B4A-11D0-8D11-00A0C91BC942}") = "Day08", "Day8\Day8.vcxproj", "{92BBBF69-2C8C-4355-8826-BAE97EE69A7B}"
EndProject
Project("{8BC9CEB8-8B4A-11D0-8D11-00A0C91BC942}") = "Day09", "Day9\Day9.vcxproj", "{2E65CD01-692B-4FE0-9A02-39696A92A654}"
EndProject
Project("{8BC9CEB8-8B4A-11D0-8D11-00A0C91BC942}") = "Day10", "Day10\Day10.vcxproj", "{75D9C92E-CBD5-45C5-BD7B-1165CAC97DB9}"
EndProject
Project("{8BC9CEB8-8B4A-11D0-8D11-00A0C91BC942}") = "Day11", "Day11\Day11.vcxproj", "{B18E1292-3D3E-42E7-B8AD-BEA476F4DA52}"
EndProject
Project("{8BC9CEB8-8B4A-11D0-8D11-00A0C91BC942}") = "Day12", "Day12\Day12.vcxproj", "{B806C7C2-E39B-4858-833A-C68548FA2399}"
EndProject
Project("{8BC9CEB8-8B4A-11D0-8D11-00A0C91BC942}") = "Day13", "Day13\Day13.vcxproj", "{A7445C4D-29C4-4712-81DA-A3E0D710EE34}"
EndProject
Global
	GlobalSection(SolutionConfigurationPlatforms) = preSolution
		Debug|x64 = Debug|x64
		Debug|x86 = Debug|x86
		Release|x64 = Release|x64
		Release|x86 = Release|x86
	EndGlobalSection
	GlobalSection(ProjectConfigurationPlatforms) = postSolution
		{7ADDF477-EED2-4005-8C89-9751EA273125}.Debug|x64.ActiveCfg = Debug|x64
		{7ADDF477-EED2-4005-8C89-9751EA273125}.Debug|x64.Build.0 = Debug|x64
		{7ADDF477-EED2-4005-8C89-9751EA273125}.Debug|x86.ActiveCfg = Debug|Win32
		{7ADDF477-EED2-4005-8C89-9751EA273125}.Debug|x86.Build.0 = Debug|Win32
		{7ADDF477-EED2-4005-8C89-9751EA273125}.Release|x64.ActiveCfg = Release|x64
		{7ADDF477-EED2-4005-8C89-9751EA273125}.Release|x64.Build.0 = Release|x64
		{7ADDF477-EED2-4005-8C89-9751EA273125}.Release|x86.ActiveCfg = Release|Win32
		{7ADDF477-EED2-4005-8C89-9751EA273125}.Release|x86.Build.0 = Release|Win32
		{18170F63-CD56-4298-8881-1ED901563BC1}.Debug|x64.ActiveCfg = Debug|x64
		{18170F63-CD56-4298-8881-1ED901563BC1}.Debug|x64.Build.0 = Debug|x64
		{18170F63-CD56-4298-8881-1ED901563BC1}.Debug|x86.ActiveCfg = Debug|Win32
		{18170F63-CD56-4298-8881-1ED901563BC1}.Debug|x86.Build.0 = Debug|Win32
		{18170F63-CD56-4298-8881-1ED901563BC1}.Release|x64.ActiveCfg = Release|x64
		{18170F63-CD56-4298-8881-1ED901563BC1}.Release|x64.Build.0 = Release|x64
		{18170F63-CD56-4298-8881-1ED901563BC1}.Release|x86.ActiveCfg = Release|Win32
		{18170F63-CD56-4298-8881-1ED901563BC1}.Release|x86.Build.0 = Release|Win32
		{DA86B4B3-8004-4D3E-9ADE-D6FBF20C3AD5}.Debug|x64.ActiveCfg = Debug|x64
		{DA86B4B3-8004-4D3E-9ADE-D6FBF20C3AD5}.Debug|x64.Build.0 = Debug|x64
		{DA86B4B3-8004-4D3E-9ADE-D6FBF20C3AD5}.Debug|x86.ActiveCfg = Debug|Win32
		{DA86B4B3-8004-4D3E-9ADE-D6FBF20C3AD5}.Debug|x86.Build.0 = Debug|Win32
		{DA86B4B3-8004-4D3E-9ADE-D6FBF20C3AD5}.Release|x64.ActiveCfg = Release|x64
		{DA86B4B3-8004-4D3E-9ADE-D6FBF20C3AD5}.Release|x64.Build.0 = Release|x64
		{DA86B4B3-8004-4D3E-9ADE-D6FBF20C3AD5}.Release|x86.ActiveCfg = Release|Win32
		{DA86B4B3-8004-4D3E-9ADE-D6FBF20C3AD5}.Release|x86.Build.0 = Release|Win32
		{CC4F6B28-F2F3-493F-801B-B8D198759B66}.Debug|x64.ActiveCfg = Debug|x64
		{CC4F6B28-F2F3-493F-801B-B8D198759B66}.Debug|x64.Build.0 = Debug|x64
		{CC4F6B28-F2F3-493F-801B-B8D198759B66}.Debug|x86.ActiveCfg = Debug|Win32
		{CC4F6B28-F2F3-493F-801B-B8D198759B66}.Debug|x86.Build.0 = Debug|Win32
		{CC4F6B28-F2F3-493F-801B-B8D198759B66}.Release|x64.ActiveCfg = Release|x64
		{CC4F6B28-F2F3-493F-801B-B8D198759B66}.Release|x64.Build.0 = Release|x64
		{CC4F6B28-F2F3-493F-801B-B8D198759B66}.Release|x86.ActiveCfg = Release|Win32
		{CC4F6B28-F2F3-493F-801B-B8D198759B66}.Release|x86.Build.0 = Release|Win32
		{7457F7B6-CF69-4111-8DDF-2EFE38DDEBDF}.Debug|x64.ActiveCfg = Debug|x64
		{7457F7B6-CF69-4111-8DDF-2EFE38DDEBDF}.Debug|x64.Build.0 = Debug|x64
		{7457F7B6-CF69-4111-8DDF-2EFE38DDEBDF}.Debug|x86.ActiveCfg = Debug|Win32
		{7457F7B6-CF69-4111-8DDF-2EFE38DDEBDF}.Debug|x86.Build.0 = Debug|Win32
		{7457F7B6-CF69-4111-8DDF-2EFE38DDEBDF}.Release|x64.ActiveCfg = Release|x64
		{7457F7B6-CF69-4111-8DDF-2EFE38DDEBDF}.Release|x64.Build.0 = Release|x64
		{7457F7B6-CF69-4111-8DDF-2EFE38DDEBDF}.Release|x86.ActiveCfg = Release|Win32
		{7457F7B6-CF69-4111-8DDF-2EFE38DDEBDF}.Release|x86.Build.0 = Release|Win32
		{8D2D8CEB-E611-41EB-8A59-C999CBC321C3}.Debug|x64.ActiveCfg = Debug|x64
		{8D2D8CEB-E611-41EB-8A59-C999CBC321C3}.Debug|x64.Build.0 = Debug|x64
		{8D2D8CEB-E611-41EB-8A59-C999CBC321C3}.Debug|x86.ActiveCfg = Debug|Win32
		{8D2D8CEB-E611-41EB-8A59-C999CBC321C3}.Debug|x86.Build.0 = Debug|Win32
		{8D2D8CEB-E611-41EB-8A59-C999CBC321C3}.Release|x64.ActiveCfg = Release|x64
		{8D2D8CEB-E611-41EB-8A59-C999CBC321C3}.Release|x64.Build.0 = Release|x64
		{8D2D8CEB-E611-41EB-8A59-C999CBC321C3}.Release|x86.ActiveCfg = Release|Win32
		{8D2D8CEB-E611-41EB-8A59-C999CBC321C3}.Release|x86.Build.0 = Release|Win32
		{9F1191C6-ADC9-4878-B6C9-2B4BF89AC759}.Debug|x64.ActiveCfg = Debug|x64
		{9F1191C6-ADC9-4878-B6C9-2B4BF89AC759}.Debug|x64.Build.0 = Debug|x64
		{9F1191C6-ADC9-4878-B6C9-2B4BF89AC759}.Debug|x86.ActiveCfg = Debug|Win32
		{9F1191C6-ADC9-4878-B6C9-2B4BF89AC759}.Debug|x86.Build.0 = Debug|Win32
		{9F1191C6-ADC9-4878-B6C9-2B4BF89AC759}.Release|x64.ActiveCfg = Release|x64
		{9F1191C6-ADC9-4878-B6C9-2B4BF89AC759}.Release|x64.Build.0 = Release|x64
		{9F1191C6-ADC9-4878-B6C9-2B4BF89AC759}.Release|x86.ActiveCfg = Release|Win32
		{9F1191C6-ADC9-4878-B6C9-2B4BF89AC759}.Release|x86.Build.0 = Release|Win32
		{92BBBF69-2C8C-4355-8826-BAE97EE69A7B}.Debug|x64.ActiveCfg = Debug|x64
		{92BBBF69-2C8C-4355-8826-BAE97EE69A7B}.Debug|x64.Build.0 = Debug|x64
		{92BBBF69-2C8C-4355-8826-BAE97EE69A7B}.Debug|x86.ActiveCfg = Debug|Win32
		{92BBBF69-2C8C-4355-8826-BAE97EE69A7B}.Debug|x86.Build.0 = Debug|Win32
		{92BBBF69-2C8C-4355-8826-BAE97EE69A7B}.Release|x64.ActiveCfg = Release|x64
		{92BBBF69-2C8C-4355-8826-BAE97EE69A7B}.Release|x64.Build.0 = Release|x64
		{92BBBF69-2C8C-4355-8826-BAE97EE69A7B}.Release|x86.ActiveCfg = Release|Win32
		{92BBBF69-2C8C-4355-8826-BAE97EE69A7B}.Release|x86.Build.0 = Release|Win32
		{2E65CD01-692B-4FE0-9A02-39696A92A654}.Debug|x64.ActiveCfg = Debug|x64
		{2E65CD01-692B-4FE0-9A02-39696A92A654}.Debug|x64.Build.0 = Debug|x64
		{2E65CD01-692B-4FE0-9A02-39696A92A654}.Debug|x86.ActiveCfg = Debug|Win32
		{2E65CD01-692B-4FE0-9A02-39696A92A654}.Debug|x86.Build.0 = Debug|Win32
		{2E65CD01-692B-4FE0-9A02-39696A92A654}.Release|x64.ActiveCfg = Release|x64
		{2E65CD01-692B-4FE0-9A02-39696A92A654}.Release|x64.Build.0 = Release|x64
		{2E65CD01-692B-4FE0-9A02-39696A92A654}.Release|x86.ActiveCfg = Release|Win32
		{2E65CD01-692B-4FE0-9A02-39696A92A654}.Release|x86.Build.0 = Release|Win32
		{75D9C92E-CBD5-45C5-BD7B-1165CAC97DB9}.Debug|x64.ActiveCfg = Debug|x64
		{75D9C92E-CBD5-45C5-BD7B-1165CAC97DB9}.Debug|x64.Build.0 = Debug|x64
		{75D9C92E-CBD5-45C5-BD7B-1165CAC97DB9}.Debug|x86.ActiveCfg = Debug|Win32
		{75D9C92E-CBD5-45C5-BD7B-1165CAC97DB9}.Debug|x86.Build.0 = Debug|Win32
		{75D9C92E-CBD5-45C5-BD7B-1165CAC97DB9}.Release|x64.ActiveCfg = Release|x64
		{75D9C92E-CBD5-45C5-BD7B-1165CAC97DB9}.Release|x64.Build.0 = Release|x64
		{75D9C92E-CBD5-45C5-BD7B-1165CAC97DB9}.Release|x86.ActiveCfg = Release|Win32
		{75D9C92E-CBD5-45C5-BD7B-1165CAC97DB9}.Release|x86.Build.0 = Release|Win32
		{B18E1292-3D3E-42E7-B8AD-BEA476F4DA52}.Debug|x64.ActiveCfg = Debug|x64
		{B18E1292-3D3E-42E7-B8AD-BEA476F4DA52}.Debug|x64.Build.0 = Debug|x64
		{B18E1292-3D3E-42E7-B8AD-BEA476F4DA52}.Debug|x86.ActiveCfg = Debug|Win32
		{B18E1292-3D3E-42E7-B8AD-BEA476F4DA52}.Debug|x86.Build.0 = Debug|Win32
		{B18E1292-3D3E-42E7-B8AD-BEA476F4DA52}.Release|x64.ActiveCfg = Release|x64
		{B18E1292-3D3E-42E7-B8AD-BEA476F4DA52}.Release|x64.Build.0 = Release|x64
		{B18E1292-3D3E-42E7-B8AD-BEA476F4DA52}.Release|x86.ActiveCfg = Release|Win32
		{B18E1292-3D3E-42E7-B8AD-BEA476F4DA52}.Release|x86.Build.0 = Release|Win32
		{B806C7C2-E39B-4858-833A-C68548FA2399}.Debug|x64.ActiveCfg = Debug|x64
		{B806C7C2-E39B-4858-833A-C68548FA2399}.Debug|x64.Build.0 = Debug|x64
		{B806C7C2-E39B-4858-833A-C68548FA2399}.Debug|x86.ActiveCfg = Debug|Win32
		{B806C7C2-E39B-4858-833A-C68548FA2399}.Debug|x86.Build.0 = Debug|Win32
		{B806C7C2-E39B-4858-833A-C68548FA2399}.Release|x64.ActiveCfg = Release|x64
		{B806C7C2-E39B-4858-833A-C68548FA2399}.Release|x64.Build.0 = Release|x64
		{B806C7C2-E39B-4858-833A-C68548FA2399}.Release|x86.ActiveCfg = Release|Win32
		{B806C7C2-E39B-4858-833A-C68548FA2399}.Release|x86.Build.0 = Release|Win32
		{A7445C4D-29C4-4712-81DA-A3E0D710EE34}.Debug|x64.ActiveCfg = Debug|x64
		{A7445C4D-29C4-4712-81DA-A3E0D710EE34}.Debug|x64.Build.0 = Debug|x64
		{A7445C4D-29C4-4712-81DA-A3E0D710EE34}.Debug|x86.ActiveCfg = Debug|Win32
		{A7445C4D-29C4-4712-81DA-A3E0D710EE34}.Debug|x86.Build.0 = Debug|Win32
		{A7445C4D-29C4-4712-81DA-A3E0D710EE34}.Release|x64.ActiveCfg = Release|x64
		{A7445C4D-29C4-4712-81DA-A3E0D710EE34}.Release|x64.Build.0 = Release|x64
		{A7445C4D-29C4-4712-81DA-A3E0D710EE34}.Release|x86.ActiveCfg = Release|Win32
		{A7445C4D-29C4-4712-81DA-A3E0D710EE34}.Release|x86.Build.0 = Release|Win32
	EndGlobalSection
	GlobalSection(SolutionProperties) = preSolution
		HideSolutionNode = FALSE
	EndGlobalSection
EndGlobal
