
Microsoft Visual Studio Solution File, Format Version 12.00
# Visual Studio 14
VisualStudioVersion = 14.0.24720.0
MinimumVisualStudioVersion = 10.0.40219.1
Project("{8BC9CEB8-8B4A-11D0-8D11-00A0C91BC942}") = "Day01", "Day01\Day01.vcxproj", "{64DB3C83-BAC3-4A31-A4C2-2370BF6D94B4}"
EndProject
Project("{8BC9CEB8-8B4A-11D0-8D11-00A0C91BC942}") = "Day02", "Day02\Day02.vcxproj", "{A7CF7DF9-0397-49A3-8481-6DCC0BDD71FC}"
EndProject
Project("{8BC9CEB8-8B4A-11D0-8D11-00A0C91BC942}") = "Day03", "Day03\Day03.vcxproj", "{AC4B5712-B5D7-47F0-A45F-7E5A6F27ECEA}"
EndProject
Project("{8BC9CEB8-8B4A-11D0-8D11-00A0C91BC942}") = "Day04", "Day04\Day04.vcxproj", "{523B3387-5C87-4FFC-B086-0BED5187C780}"
EndProject
Global
	GlobalSection(SolutionConfigurationPlatforms) = preSolution
		Debug|x64 = Debug|x64
		Release|x64 = Release|x64
	EndGlobalSection
	GlobalSection(ProjectConfigurationPlatforms) = postSolution
		{64DB3C83-BAC3-4A31-A4C2-2370BF6D94B4}.Debug|x64.ActiveCfg = Debug|x64
		{64DB3C83-BAC3-4A31-A4C2-2370BF6D94B4}.Debug|x64.Build.0 = Debug|x64
		{64DB3C83-BAC3-4A31-A4C2-2370BF6D94B4}.Release|x64.ActiveCfg = Release|x64
		{64DB3C83-BAC3-4A31-A4C2-2370BF6D94B4}.Release|x64.Build.0 = Release|x64
		{A7CF7DF9-0397-49A3-8481-6DCC0BDD71FC}.Debug|x64.ActiveCfg = Debug|x64
		{A7CF7DF9-0397-49A3-8481-6DCC0BDD71FC}.Debug|x64.Build.0 = Debug|x64
		{A7CF7DF9-0397-49A3-8481-6DCC0BDD71FC}.Release|x64.ActiveCfg = Release|x64
		{A7CF7DF9-0397-49A3-8481-6DCC0BDD71FC}.Release|x64.Build.0 = Release|x64
		{AC4B5712-B5D7-47F0-A45F-7E5A6F27ECEA}.Debug|x64.ActiveCfg = Debug|x64
		{AC4B5712-B5D7-47F0-A45F-7E5A6F27ECEA}.Debug|x64.Build.0 = Debug|x64
		{AC4B5712-B5D7-47F0-A45F-7E5A6F27ECEA}.Release|x64.ActiveCfg = Release|x64
		{AC4B5712-B5D7-47F0-A45F-7E5A6F27ECEA}.Release|x64.Build.0 = Release|x64
		{523B3387-5C87-4FFC-B086-0BED5187C780}.Debug|x64.ActiveCfg = Debug|x64
		{523B3387-5C87-4FFC-B086-0BED5187C780}.Debug|x64.Build.0 = Debug|x64
		{523B3387-5C87-4FFC-B086-0BED5187C780}.Release|x64.ActiveCfg = Release|x64
		{523B3387-5C87-4FFC-B086-0BED5187C780}.Release|x64.Build.0 = Release|x64
	EndGlobalSection
	GlobalSection(SolutionProperties) = preSolution
		HideSolutionNode = FALSE
	EndGlobalSection
EndGlobal
